<?xml version="1.0" encoding="utf-8"?>
<Project ToolsVersion="4.0" xmlns="http://schemas.microsoft.com/developer/msbuild/2003">
  <ItemGroup>
    <Filter Include="ソース ファイル">
      <UniqueIdentifier>{4FC737F1-C7A5-4376-A066-2A32D752A2FF}</UniqueIdentifier>
      <Extensions>cpp;c;cc;cxx;def;odl;idl;hpj;bat;asm;asmx</Extensions>
    </Filter>
    <Filter Include="ヘッダー ファイル">
      <UniqueIdentifier>{93995380-89BD-4b04-88EB-625FBE52EBFB}</UniqueIdentifier>
      <Extensions>h;hpp;hxx;hm;inl;inc;xsd</Extensions>
    </Filter>
    <Filter Include="リソース ファイル">
      <UniqueIdentifier>{67DA6AB6-F800-4c08-8B7A-83BB121AAD01}</UniqueIdentifier>
      <Extensions>rc;ico;cur;bmp;dlg;rc2;rct;bin;rgs;gif;jpg;jpeg;jpe;resx;tiff;tif;png;wav;mfcribbon-ms</Extensions>
    </Filter>
    <Filter Include="BaseEngine">
      <UniqueIdentifier>{fe4ff290-9602-4bdb-b942-9bcb61c1bce8}</UniqueIdentifier>
    </Filter>
    <Filter Include="BaseEngine\Actor">
      <UniqueIdentifier>{133e7768-fa84-4e23-96b2-52c1ed08a487}</UniqueIdentifier>
    </Filter>
    <Filter Include="BaseEngine\Component">
      <UniqueIdentifier>{a0a9f92b-f8e8-409c-859a-a1a0ca319a19}</UniqueIdentifier>
    </Filter>
    <Filter Include="BaseEngine\Math">
      <UniqueIdentifier>{602b4677-d6b8-4c4e-9b62-05322e011af5}</UniqueIdentifier>
    </Filter>
    <Filter Include="BaseEngine\Math\Vector">
      <UniqueIdentifier>{e9e3329b-86a0-4c5b-8fb2-179a89fb27bd}</UniqueIdentifier>
    </Filter>
    <Filter Include="BaseEngine\Adapter">
      <UniqueIdentifier>{48775d60-b533-485d-a2ea-ae08374644e1}</UniqueIdentifier>
    </Filter>
    <Filter Include="BaseEngine\Texture">
      <UniqueIdentifier>{03863ff4-f8f1-4d2b-9ee3-a4c9323c350b}</UniqueIdentifier>
    </Filter>
    <Filter Include="BaseEngine\Common">
      <UniqueIdentifier>{2828e965-a577-413d-89c7-8a1de1beb430}</UniqueIdentifier>
    </Filter>
    <Filter Include="BaseEngine\Empty">
      <UniqueIdentifier>{c431da7f-c0c8-4be2-a062-33f4b3ae78b7}</UniqueIdentifier>
    </Filter>
    <Filter Include="BaseEngine\Texture\Mof">
      <UniqueIdentifier>{0c78b1f9-9290-41aa-a2dd-3db88ee7b17c}</UniqueIdentifier>
    </Filter>
    <Filter Include="BaseEngine\Render">
      <UniqueIdentifier>{387cc02f-2ae5-4e7b-bc83-8679d47f7e31}</UniqueIdentifier>
    </Filter>
    <Filter Include="BaseEngine\Component\RenderComponent">
      <UniqueIdentifier>{d6e3b69b-5ec2-4d9b-bdb7-cdca76549770}</UniqueIdentifier>
    </Filter>
    <Filter Include="BaseEngine\Component\RenderComponent\SpriteComponent">
      <UniqueIdentifier>{78450f0a-d030-4b0e-a6b3-9fdaa166b0c5}</UniqueIdentifier>
    </Filter>
    <Filter Include="BaseEngine\Component\CollisionComponent">
      <UniqueIdentifier>{aa8aa870-fadc-41bf-af58-a82dc71f90bc}</UniqueIdentifier>
    </Filter>
    <Filter Include="BaseEngine\Shapes">
      <UniqueIdentifier>{cdee9ba7-6491-4b29-9321-51519e574684}</UniqueIdentifier>
    </Filter>
    <Filter Include="BaseEngine\Shapes\Primitive">
      <UniqueIdentifier>{85d0750a-865b-4187-be4b-f53df20f2a29}</UniqueIdentifier>
    </Filter>
    <Filter Include="BaseEngine\Actor\Input">
      <UniqueIdentifier>{7473ae44-da35-4b53-8b98-8d1645e23362}</UniqueIdentifier>
    </Filter>
    <Filter Include="BaseEngine\Component\Input">
      <UniqueIdentifier>{269fae4c-5f53-468d-a9da-9e19e920f4ec}</UniqueIdentifier>
    </Filter>
    <Filter Include="ソース ファイル\ConnectDot">
      <UniqueIdentifier>{16ef7d1b-6e6d-4799-aa1a-3e441b5b583a}</UniqueIdentifier>
    </Filter>
    <Filter Include="ソース ファイル\ConnectDot\GameMain">
      <UniqueIdentifier>{eb33f71c-9d97-41d9-96d2-b1d18807e5b2}</UniqueIdentifier>
    </Filter>
    <Filter Include="ソース ファイル\ConnectDot\GameMain\InputManager">
      <UniqueIdentifier>{5fcab346-eba0-49cd-8043-f3be330bf93b}</UniqueIdentifier>
    </Filter>
    <Filter Include="ソース ファイル\ConnectDot\LivingEntity">
      <UniqueIdentifier>{bf70085c-f333-4a09-88a3-64a4be5ba1af}</UniqueIdentifier>
    </Filter>
    <Filter Include="ソース ファイル\ConnectDot\LivingEntity\Player">
      <UniqueIdentifier>{b2bce6d0-96ec-4226-9e60-11ffd8bb33a9}</UniqueIdentifier>
    </Filter>
    <Filter Include="ソース ファイル\ConnectDot\LivingEntity\Enemy">
      <UniqueIdentifier>{96dcdabd-265e-4378-8079-6828e84f347a}</UniqueIdentifier>
    </Filter>
    <Filter Include="BaseEngine\Component\RenderComponent\ShapeRenderComponent">
      <UniqueIdentifier>{80bef507-02d6-47eb-8729-9074225e7e40}</UniqueIdentifier>
    </Filter>
    <Filter Include="BaseEngine\Utilities">
      <UniqueIdentifier>{6b18e16a-bce8-4de1-a9e2-7d4abd8dc060}</UniqueIdentifier>
    </Filter>
    <Filter Include="ソース ファイル\ConnectDot\Electronics">
      <UniqueIdentifier>{6a6572d8-4205-42b0-be36-ba214123573a}</UniqueIdentifier>
    </Filter>
    <Filter Include="ソース ファイル\ConnectDot\Electronics\Machine">
      <UniqueIdentifier>{45e24e77-66c7-40f8-952d-ebf1dc6e9d3d}</UniqueIdentifier>
    </Filter>
    <Filter Include="Constexpr">
      <UniqueIdentifier>{585af6fb-1ce0-42a3-919c-9e6043f47dbb}</UniqueIdentifier>
    </Filter>
    <Filter Include="Constexpr\math">
      <UniqueIdentifier>{8ebd35c1-5c94-4baa-93c6-89af038d2595}</UniqueIdentifier>
    </Filter>
    <Filter Include="StateMachine">
      <UniqueIdentifier>{f45f9f4d-389b-43c3-af3d-a842d03c9cd8}</UniqueIdentifier>
    </Filter>
    <Filter Include="ソース ファイル\ConnectDot\LivingEntity\Player\State">
      <UniqueIdentifier>{1600c90c-92ee-48ac-8808-9765bda35a89}</UniqueIdentifier>
    </Filter>
    <Filter Include="ソース ファイル\ConnectDot\Electronics\Machine\Beacon">
      <UniqueIdentifier>{04cd7cdf-6534-40e3-bcd6-84589e26ad46}</UniqueIdentifier>
    </Filter>
    <Filter Include="ソース ファイル\ConnectDot\GameMain\Const">
      <UniqueIdentifier>{5b78471f-14d3-42be-a41b-c42154b78a9b}</UniqueIdentifier>
    </Filter>
    <Filter Include="ソース ファイル\ConnectDot\Electronics\Machine\Pylon">
      <UniqueIdentifier>{f2c942d2-6cc1-42cd-835e-73112a53cfd6}</UniqueIdentifier>
    </Filter>
    <Filter Include="ソース ファイル\ConnectDot\Stage">
      <UniqueIdentifier>{4df6c6ca-2722-48c1-85a9-003bf88cdb5c}</UniqueIdentifier>
    </Filter>
    <Filter Include="ソース ファイル\ConnectDot\Stage\TileMap">
      <UniqueIdentifier>{43005580-b1e4-41ee-99cc-1d6ea73dc002}</UniqueIdentifier>
    </Filter>
    <Filter Include="BaseEngine\physics">
      <UniqueIdentifier>{7d0e0f0a-d457-45f7-bcc8-4582254b85c7}</UniqueIdentifier>
    </Filter>
    <Filter Include="BaseEngine\physics\Collision">
      <UniqueIdentifier>{b67da92c-ef6a-497c-8c3b-6983daff5bb2}</UniqueIdentifier>
    </Filter>
    <Filter Include="BaseEngine\physics\Collision\CollisionDetector">
      <UniqueIdentifier>{363f3ff4-1676-47d3-b441-11cc939388d6}</UniqueIdentifier>
    </Filter>
    <Filter Include="BaseEngine\physics\Collision\CollisionDetector\GJK">
      <UniqueIdentifier>{526b9ec4-1a23-4790-985f-c94b37b1d300}</UniqueIdentifier>
    </Filter>
    <Filter Include="BaseEngine\physics\Collision\CollisionDetector\GJK\Solver">
      <UniqueIdentifier>{1385bb70-a388-4e6a-8b2c-5f9b4cfb0ba2}</UniqueIdentifier>
    </Filter>
    <Filter Include="BaseEngine\Component\PhysicsBody">
      <UniqueIdentifier>{0307aef3-4f8b-4422-ad9e-af740f804cd9}</UniqueIdentifier>
    </Filter>
    <Filter Include="ソース ファイル\ConnectDot\GameMain\Const\Electronics">
      <UniqueIdentifier>{dcbe3ce0-c08d-459a-b59c-4c7e9356c8c5}</UniqueIdentifier>
    </Filter>
    <Filter Include="ソース ファイル\ConnectDot\Grid">
      <UniqueIdentifier>{ff4f6932-075a-446e-a15a-c7a5842a2502}</UniqueIdentifier>
    </Filter>
    <Filter Include="Utilities">
      <UniqueIdentifier>{cfc6ffb4-f94c-4c04-8201-ab2f72f0636a}</UniqueIdentifier>
    </Filter>
    <Filter Include="Utilities\Extensions">
      <UniqueIdentifier>{a75beb9c-fca4-4f8c-9e92-8f46a554f7a8}</UniqueIdentifier>
    </Filter>
    <Filter Include="Utilities\Extensions\Tuple">
      <UniqueIdentifier>{426f4d68-fc18-43d9-8292-d3c664d10e2e}</UniqueIdentifier>
    </Filter>
    <Filter Include="Utilities\Observable">
      <UniqueIdentifier>{1b97721b-48a6-4337-8905-2c3434fe0594}</UniqueIdentifier>
    </Filter>
  </ItemGroup>
  <ItemGroup>
    <ClCompile Include="WinMain.cpp">
      <Filter>ソース ファイル</Filter>
    </ClCompile>
    <ClCompile Include="GameApp.cpp">
      <Filter>ソース ファイル</Filter>
    </ClCompile>
    <ClCompile Include="Actor.cpp">
      <Filter>BaseEngine\Actor</Filter>
    </ClCompile>
    <ClCompile Include="Component.cpp">
      <Filter>BaseEngine\Component</Filter>
    </ClCompile>
    <ClCompile Include="Vector.cpp">
      <Filter>BaseEngine\Math\Vector</Filter>
    </ClCompile>
    <ClCompile Include="Game.cpp">
      <Filter>ソース ファイル\ConnectDot\GameMain</Filter>
    </ClCompile>
    <ClCompile Include="SpriteComponent.cpp">
      <Filter>BaseEngine\Component\RenderComponent\SpriteComponent</Filter>
    </ClCompile>
    <ClCompile Include="IBaseEngineEmpty.cpp">
      <Filter>BaseEngine\Empty</Filter>
    </ClCompile>
    <ClCompile Include="BaseEngineCore.cpp">
      <Filter>BaseEngine\Common</Filter>
    </ClCompile>
    <ClCompile Include="IBaseEngineTexture.cpp">
      <Filter>BaseEngine\Texture</Filter>
    </ClCompile>
    <ClCompile Include="TextureMof.cpp">
      <Filter>BaseEngine\Texture\Mof</Filter>
    </ClCompile>
    <ClCompile Include="Sprite.cpp">
      <Filter>BaseEngine\Texture</Filter>
    </ClCompile>
    <ClCompile Include="IBaseEngineRender.cpp">
      <Filter>BaseEngine\Render</Filter>
    </ClCompile>
    <ClCompile Include="RenderMof.cpp">
      <Filter>BaseEngine\Render</Filter>
    </ClCompile>
    <ClCompile Include="RenderComponent.cpp">
      <Filter>BaseEngine\Component\RenderComponent</Filter>
    </ClCompile>
    <ClCompile Include="CollisionComponent.cpp">
      <Filter>BaseEngine\Component\CollisionComponent</Filter>
    </ClCompile>
    <ClCompile Include="Geometry2D.cpp">
      <Filter>BaseEngine\Shapes</Filter>
    </ClCompile>
    <ClCompile Include="Geometry2D.ipp">
      <Filter>BaseEngine\Shapes</Filter>
    </ClCompile>
    <ClCompile Include="InputActor.cpp">
      <Filter>BaseEngine\Actor\Input</Filter>
    </ClCompile>
    <ClCompile Include="InputComponent.cpp">
      <Filter>BaseEngine\Component\Input</Filter>
    </ClCompile>
    <ClCompile Include="InputManager.cpp">
      <Filter>ソース ファイル\ConnectDot\GameMain\InputManager</Filter>
    </ClCompile>
    <ClCompile Include="PlayerActor.cpp">
      <Filter>ソース ファイル\ConnectDot\LivingEntity\Player</Filter>
    </ClCompile>
    <ClCompile Include="ShapeRenderComponent.cpp">
      <Filter>BaseEngine\Component\RenderComponent\ShapeRenderComponent</Filter>
    </ClCompile>
    <ClCompile Include="IShape.cpp">
      <Filter>BaseEngine\Shapes</Filter>
    </ClCompile>
    <ClCompile Include="Rect.cpp">
      <Filter>BaseEngine\Shapes\Primitive</Filter>
    </ClCompile>
    <ClCompile Include="Circle.cpp">
      <Filter>BaseEngine\Shapes\Primitive</Filter>
    </ClCompile>
    <ClCompile Include="IBaseEngineCollider.cpp">
      <Filter>BaseEngine\physics\Collision</Filter>
    </ClCompile>
    <ClCompile Include="BaseEngineCollision.cpp">
      <Filter>BaseEngine\physics\Collision</Filter>
    </ClCompile>
    <ClCompile Include="Point.cpp">
      <Filter>BaseEngine\Shapes\Primitive</Filter>
    </ClCompile>
    <ClCompile Include="PlayerComponent.cpp">
      <Filter>ソース ファイル\ConnectDot\LivingEntity\Player</Filter>
    </ClCompile>
    <ClCompile Include="PlayerIdle.cpp">
      <Filter>ソース ファイル\ConnectDot\LivingEntity\Player\State</Filter>
    </ClCompile>
    <ClCompile Include="PlayerJump.cpp">
      <Filter>ソース ファイル\ConnectDot\LivingEntity\Player\State</Filter>
    </ClCompile>
    <ClCompile Include="PlayerSneak.cpp">
      <Filter>ソース ファイル\ConnectDot\LivingEntity\Player\State</Filter>
    </ClCompile>
    <ClCompile Include="PlayerMove.cpp">
      <Filter>ソース ファイル\ConnectDot\LivingEntity\Player\State</Filter>
    </ClCompile>
    <ClCompile Include="TransmitterComponent.cpp">
      <Filter>ソース ファイル\ConnectDot\Electronics</Filter>
    </ClCompile>
    <ClCompile Include="ReceiverComponent.cpp">
      <Filter>ソース ファイル\ConnectDot\Electronics</Filter>
    </ClCompile>
    <ClCompile Include="BeaconActor.cpp">
      <Filter>ソース ファイル\ConnectDot\Electronics\Machine\Beacon</Filter>
    </ClCompile>
    <ClCompile Include="BeaconTransmitter.cpp">
      <Filter>ソース ファイル\ConnectDot\Electronics\Machine\Beacon</Filter>
    </ClCompile>
    <ClCompile Include="PylonActor.cpp">
      <Filter>ソース ファイル\ConnectDot\Electronics\Machine\Pylon</Filter>
    </ClCompile>
    <ClCompile Include="PylonTransmitter.cpp">
      <Filter>ソース ファイル\ConnectDot\Electronics\Machine\Pylon</Filter>
    </ClCompile>
    <ClCompile Include="BeaconReceiver.cpp">
      <Filter>ソース ファイル\ConnectDot\Electronics\Machine\Beacon</Filter>
    </ClCompile>
    <ClCompile Include="DebugStage.cpp">
      <Filter>ソース ファイル\ConnectDot\Stage</Filter>
    </ClCompile>
    <ClCompile Include="TileMapComponent.cpp">
      <Filter>ソース ファイル\ConnectDot\Stage\TileMap</Filter>
    </ClCompile>
    <ClCompile Include="VectorUtilities.cpp">
      <Filter>BaseEngine\Math\Vector</Filter>
    </ClCompile>
    <ClCompile Include="GJK.cpp">
      <Filter>BaseEngine\physics\Collision\CollisionDetector\GJK</Filter>
    </ClCompile>
    <ClCompile Include="EpaSolver.cpp">
      <Filter>BaseEngine\physics\Collision\CollisionDetector\GJK\Solver</Filter>
    </ClCompile>
    <ClCompile Include="Manifold.cpp">
      <Filter>BaseEngine\physics\Collision\CollisionDetector\GJK</Filter>
    </ClCompile>
    <ClCompile Include="PhysicsBodyComponent.cpp">
      <Filter>BaseEngine\Component\PhysicsBody</Filter>
    </ClCompile>
    <ClCompile Include="GridSnapComponent.cpp">
      <Filter>ソース ファイル\ConnectDot\Grid</Filter>
    </ClCompile>
    <ClCompile Include="GridPosition.cpp">
      <Filter>ソース ファイル\ConnectDot\Grid</Filter>
    </ClCompile>
  </ItemGroup>
  <ItemGroup>
    <ClInclude Include="GameApp.h">
      <Filter>ソース ファイル</Filter>
    </ClInclude>
    <ClInclude Include="Actor.h">
      <Filter>BaseEngine\Actor</Filter>
    </ClInclude>
    <ClInclude Include="Component.h">
      <Filter>BaseEngine\Component</Filter>
    </ClInclude>
    <ClInclude Include="Vector.h">
      <Filter>BaseEngine\Math\Vector</Filter>
    </ClInclude>
    <ClInclude Include="Game.h">
      <Filter>ソース ファイル\ConnectDot\GameMain</Filter>
    </ClInclude>
    <ClInclude Include="SpriteComponent.h">
      <Filter>BaseEngine\Component\RenderComponent\SpriteComponent</Filter>
    </ClInclude>
    <ClInclude Include="Adapter.h">
      <Filter>BaseEngine\Adapter</Filter>
    </ClInclude>
    <ClInclude Include="BaseEngineCore.h">
      <Filter>BaseEngine\Common</Filter>
    </ClInclude>
    <ClInclude Include="EngineComponent.h">
      <Filter>BaseEngine\Common</Filter>
    </ClInclude>
    <ClInclude Include="IBaseEngineEmpty.h">
      <Filter>BaseEngine\Empty</Filter>
    </ClInclude>
    <ClInclude Include="BaseEngineEmpty.h">
      <Filter>BaseEngine\Empty</Filter>
    </ClInclude>
    <ClInclude Include="IBaseEngineTexture.h">
      <Filter>BaseEngine\Texture</Filter>
    </ClInclude>
    <ClInclude Include="TextureMof.h">
      <Filter>BaseEngine\Texture\Mof</Filter>
    </ClInclude>
    <ClInclude Include="Sprite.h">
      <Filter>BaseEngine\Texture</Filter>
    </ClInclude>
    <ClInclude Include="IBaseEngineRender.h">
      <Filter>BaseEngine\Render</Filter>
    </ClInclude>
    <ClInclude Include="RenderMof.h">
      <Filter>BaseEngine\Render</Filter>
    </ClInclude>
    <ClInclude Include="RenderComponent.h">
      <Filter>BaseEngine\Component\RenderComponent</Filter>
    </ClInclude>
    <ClInclude Include="CollisionComponent.h">
      <Filter>BaseEngine\Component\CollisionComponent</Filter>
    </ClInclude>
    <ClInclude Include="Geometry2D.h">
      <Filter>BaseEngine\Shapes</Filter>
    </ClInclude>
    <ClInclude Include="2DShapes.h">
      <Filter>BaseEngine\Shapes</Filter>
    </ClInclude>
    <ClInclude Include="InputActor.h">
      <Filter>BaseEngine\Actor\Input</Filter>
    </ClInclude>
    <ClInclude Include="InputComponent.h">
      <Filter>BaseEngine\Component\Input</Filter>
    </ClInclude>
    <ClInclude Include="InputManager.h">
      <Filter>ソース ファイル\ConnectDot\GameMain\InputManager</Filter>
    </ClInclude>
    <ClInclude Include="PlayerActor.h">
      <Filter>ソース ファイル\ConnectDot\LivingEntity\Player</Filter>
    </ClInclude>
    <ClInclude Include="ShapeRenderComponent.h">
      <Filter>BaseEngine\Component\RenderComponent\ShapeRenderComponent</Filter>
    </ClInclude>
    <ClInclude Include="IShape.h">
      <Filter>BaseEngine\Shapes</Filter>
    </ClInclude>
    <ClInclude Include="Rect.h">
      <Filter>BaseEngine\Shapes\Primitive</Filter>
    </ClInclude>
    <ClInclude Include="YesNo.h">
      <Filter>BaseEngine\Utilities</Filter>
    </ClInclude>
    <ClInclude Include="IReceivablePower.h">
      <Filter>ソース ファイル\ConnectDot\Electronics</Filter>
    </ClInclude>
    <ClInclude Include="ISendablePower.h">
      <Filter>ソース ファイル\ConnectDot\Electronics</Filter>
    </ClInclude>
    <ClInclude Include="Circle.h">
      <Filter>BaseEngine\Shapes\Primitive</Filter>
    </ClInclude>
    <ClInclude Include="IBaseEngineCollider.h">
      <Filter>BaseEngine\physics\Collision</Filter>
    </ClInclude>
    <ClInclude Include="BaseEngineCollision.h">
      <Filter>BaseEngine\physics\Collision</Filter>
    </ClInclude>
    <ClInclude Include="Point.h">
      <Filter>BaseEngine\Shapes\Primitive</Filter>
    </ClInclude>
    <ClInclude Include="PlayerComponent.h">
      <Filter>ソース ファイル\ConnectDot\LivingEntity\Player</Filter>
    </ClInclude>
    <ClInclude Include="Pow.h">
      <Filter>Constexpr\math</Filter>
    </ClInclude>
    <ClInclude Include="StateMachine.h">
      <Filter>StateMachine</Filter>
    </ClInclude>
    <ClInclude Include="PlayerIdle.h">
      <Filter>ソース ファイル\ConnectDot\LivingEntity\Player\State</Filter>
    </ClInclude>
    <ClInclude Include="PlayerJump.h">
      <Filter>ソース ファイル\ConnectDot\LivingEntity\Player\State</Filter>
    </ClInclude>
    <ClInclude Include="PlayerSneak.h">
      <Filter>ソース ファイル\ConnectDot\LivingEntity\Player\State</Filter>
    </ClInclude>
    <ClInclude Include="PlayerMove.h">
      <Filter>ソース ファイル\ConnectDot\LivingEntity\Player\State</Filter>
    </ClInclude>
    <ClInclude Include="PlayerState.h">
      <Filter>ソース ファイル\ConnectDot\LivingEntity\Player\State</Filter>
    </ClInclude>
    <ClInclude Include="Player.h">
      <Filter>ソース ファイル\ConnectDot\LivingEntity\Player</Filter>
    </ClInclude>
    <ClInclude Include="TransmitterComponent.h">
      <Filter>ソース ファイル\ConnectDot\Electronics</Filter>
    </ClInclude>
    <ClInclude Include="ReceiverComponent.h">
      <Filter>ソース ファイル\ConnectDot\Electronics</Filter>
    </ClInclude>
    <ClInclude Include="BeaconActor.h">
      <Filter>ソース ファイル\ConnectDot\Electronics\Machine\Beacon</Filter>
    </ClInclude>
    <ClInclude Include="BeaconTransmitter.h">
      <Filter>ソース ファイル\ConnectDot\Electronics\Machine\Beacon</Filter>
    </ClInclude>
    <ClInclude Include="CollisionLayer.h">
      <Filter>ソース ファイル\ConnectDot\GameMain\Const</Filter>
    </ClInclude>
    <ClInclude Include="PylonActor.h">
      <Filter>ソース ファイル\ConnectDot\Electronics\Machine\Pylon</Filter>
    </ClInclude>
    <ClInclude Include="PylonTransmitter.h">
      <Filter>ソース ファイル\ConnectDot\Electronics\Machine\Pylon</Filter>
    </ClInclude>
    <ClInclude Include="GameWindow.h">
      <Filter>ソース ファイル\ConnectDot\GameMain\Const</Filter>
    </ClInclude>
    <ClInclude Include="BeaconReceiver.h">
      <Filter>ソース ファイル\ConnectDot\Electronics\Machine\Beacon</Filter>
    </ClInclude>
    <ClInclude Include="DebugStage.h">
      <Filter>ソース ファイル\ConnectDot\Stage</Filter>
    </ClInclude>
    <ClInclude Include="TileMapComponent.h">
      <Filter>ソース ファイル\ConnectDot\Stage\TileMap</Filter>
    </ClInclude>
    <ClInclude Include="TileMap.h">
      <Filter>ソース ファイル\ConnectDot\Stage\TileMap</Filter>
    </ClInclude>
    <ClInclude Include="VectorUtilities.h">
      <Filter>BaseEngine\Math\Vector</Filter>
    </ClInclude>
    <ClInclude Include="GJK.h">
      <Filter>BaseEngine\physics\Collision\CollisionDetector\GJK</Filter>
    </ClInclude>
    <ClInclude Include="EpaSolver.h">
      <Filter>BaseEngine\physics\Collision\CollisionDetector\GJK\Solver</Filter>
    </ClInclude>
    <ClInclude Include="Manifold.h">
      <Filter>BaseEngine\physics\Collision\CollisionDetector\GJK</Filter>
    </ClInclude>
    <ClInclude Include="MinkowskiSum.h">
      <Filter>BaseEngine\physics\Collision\CollisionDetector\GJK</Filter>
    </ClInclude>
    <ClInclude Include="ExpandingSimplexEdge.h">
      <Filter>BaseEngine\physics\Collision\CollisionDetector\GJK\Solver</Filter>
    </ClInclude>
    <ClInclude Include="ExpandingSimplex.h">
      <Filter>BaseEngine\physics\Collision\CollisionDetector\GJK\Solver</Filter>
    </ClInclude>
    <ClInclude Include="PhysicsBodyComponent.h">
      <Filter>BaseEngine\Component\PhysicsBody</Filter>
    </ClInclude>
    <ClInclude Include="ComponentParameter.h">
      <Filter>BaseEngine\Component</Filter>
    </ClInclude>
    <ClInclude Include="SendManifold.h">
      <Filter>BaseEngine\physics\Collision</Filter>
    </ClInclude>
    <ClInclude Include="StageConstitution.h">
      <Filter>ソース ファイル\ConnectDot\GameMain\Const</Filter>
    </ClInclude>
    <ClInclude Include="ElectronicsPower.h">
      <Filter>ソース ファイル\ConnectDot\GameMain\Const\Electronics</Filter>
    </ClInclude>
    <ClInclude Include="DrawOrder.h">
      <Filter>ソース ファイル\ConnectDot\GameMain\Const</Filter>
    </ClInclude>
    <ClInclude Include="GridSnapComponent.h">
      <Filter>ソース ファイル\ConnectDot\Grid</Filter>
    </ClInclude>
    <ClInclude Include="ConnectDotUpdateOrder.h">
      <Filter>ソース ファイル\ConnectDot\GameMain\Const</Filter>
    </ClInclude>
    <ClInclude Include="GridPosition.h">
      <Filter>ソース ファイル\ConnectDot\Grid</Filter>
    </ClInclude>
    <ClInclude Include="TupleHasElement.h">
      <Filter>Utilities\Extensions\Tuple</Filter>
    </ClInclude>
    <ClInclude Include="include\utilities\observable\ReactiveProperty.h">
      <Filter>Utilities\Observable</Filter>
    </ClInclude>
    <ClInclude Include="include\utilities\observable\Subject.h">
      <Filter>Utilities\Observable</Filter>
    </ClInclude>
    <ClInclude Include="include\utilities\observable\Unit.h">
      <Filter>Utilities\Observable</Filter>
    </ClInclude>
    <ClInclude Include="include\utilities\observable\IObservable.h">
      <Filter>Utilities\Observable</Filter>
    </ClInclude>
    <ClInclude Include="include\utilities\observable\IObserver.h">
      <Filter>Utilities\Observable</Filter>
    </ClInclude>
  </ItemGroup>
  <ItemGroup>
    <Text Include="LICENSE">
      <Filter>BaseEngine\Utilities</Filter>
    </Text>
  </ItemGroup>
  <ItemGroup>
    <None Include="cpp.hint" />
  </ItemGroup>
</Project>