<?xml version="1.0" encoding="utf-8"?>
<Project ToolsVersion="4.0" xmlns="http://schemas.microsoft.com/developer/msbuild/2003">
  <ItemGroup>
    <Filter Include="ソース ファイル">
      <UniqueIdentifier>{4FC737F1-C7A5-4376-A066-2A32D752A2FF}</UniqueIdentifier>
      <Extensions>cpp;c;cc;cxx;def;odl;idl;hpj;bat;asm;asmx</Extensions>
    </Filter>
    <Filter Include="ヘッダー ファイル">
      <UniqueIdentifier>{93995380-89BD-4b04-88EB-625FBE52EBFB}</UniqueIdentifier>
      <Extensions>h;hpp;hxx;hm;inl;inc;xsd</Extensions>
    </Filter>
    <Filter Include="BaseEngine">
      <UniqueIdentifier>{fe4ff290-9602-4bdb-b942-9bcb61c1bce8}</UniqueIdentifier>
    </Filter>
    <Filter Include="BaseEngine\Actor">
      <UniqueIdentifier>{133e7768-fa84-4e23-96b2-52c1ed08a487}</UniqueIdentifier>
    </Filter>
    <Filter Include="BaseEngine\Component">
      <UniqueIdentifier>{a0a9f92b-f8e8-409c-859a-a1a0ca319a19}</UniqueIdentifier>
    </Filter>
    <Filter Include="BaseEngine\Math">
      <UniqueIdentifier>{602b4677-d6b8-4c4e-9b62-05322e011af5}</UniqueIdentifier>
    </Filter>
    <Filter Include="BaseEngine\Math\Vector">
      <UniqueIdentifier>{e9e3329b-86a0-4c5b-8fb2-179a89fb27bd}</UniqueIdentifier>
    </Filter>
    <Filter Include="BaseEngine\Adapter">
      <UniqueIdentifier>{48775d60-b533-485d-a2ea-ae08374644e1}</UniqueIdentifier>
    </Filter>
    <Filter Include="BaseEngine\Texture">
      <UniqueIdentifier>{03863ff4-f8f1-4d2b-9ee3-a4c9323c350b}</UniqueIdentifier>
    </Filter>
    <Filter Include="BaseEngine\Common">
      <UniqueIdentifier>{2828e965-a577-413d-89c7-8a1de1beb430}</UniqueIdentifier>
    </Filter>
    <Filter Include="BaseEngine\Empty">
      <UniqueIdentifier>{c431da7f-c0c8-4be2-a062-33f4b3ae78b7}</UniqueIdentifier>
    </Filter>
    <Filter Include="BaseEngine\Texture\Mof">
      <UniqueIdentifier>{0c78b1f9-9290-41aa-a2dd-3db88ee7b17c}</UniqueIdentifier>
    </Filter>
    <Filter Include="BaseEngine\Render">
      <UniqueIdentifier>{387cc02f-2ae5-4e7b-bc83-8679d47f7e31}</UniqueIdentifier>
    </Filter>
    <Filter Include="BaseEngine\Component\RenderComponent">
      <UniqueIdentifier>{d6e3b69b-5ec2-4d9b-bdb7-cdca76549770}</UniqueIdentifier>
    </Filter>
    <Filter Include="BaseEngine\Component\RenderComponent\SpriteComponent">
      <UniqueIdentifier>{78450f0a-d030-4b0e-a6b3-9fdaa166b0c5}</UniqueIdentifier>
    </Filter>
    <Filter Include="BaseEngine\Component\CollisionComponent">
      <UniqueIdentifier>{aa8aa870-fadc-41bf-af58-a82dc71f90bc}</UniqueIdentifier>
    </Filter>
    <Filter Include="BaseEngine\Shapes">
      <UniqueIdentifier>{cdee9ba7-6491-4b29-9321-51519e574684}</UniqueIdentifier>
    </Filter>
    <Filter Include="BaseEngine\Shapes\Primitive">
      <UniqueIdentifier>{85d0750a-865b-4187-be4b-f53df20f2a29}</UniqueIdentifier>
    </Filter>
    <Filter Include="BaseEngine\Actor\Input">
      <UniqueIdentifier>{7473ae44-da35-4b53-8b98-8d1645e23362}</UniqueIdentifier>
    </Filter>
    <Filter Include="BaseEngine\Component\Input">
      <UniqueIdentifier>{269fae4c-5f53-468d-a9da-9e19e920f4ec}</UniqueIdentifier>
    </Filter>
    <Filter Include="ソース ファイル\ConnectDot">
      <UniqueIdentifier>{16ef7d1b-6e6d-4799-aa1a-3e441b5b583a}</UniqueIdentifier>
    </Filter>
    <Filter Include="ソース ファイル\ConnectDot\GameMain">
      <UniqueIdentifier>{eb33f71c-9d97-41d9-96d2-b1d18807e5b2}</UniqueIdentifier>
    </Filter>
    <Filter Include="ソース ファイル\ConnectDot\GameMain\InputManager">
      <UniqueIdentifier>{5fcab346-eba0-49cd-8043-f3be330bf93b}</UniqueIdentifier>
    </Filter>
    <Filter Include="ソース ファイル\ConnectDot\LivingEntity">
      <UniqueIdentifier>{bf70085c-f333-4a09-88a3-64a4be5ba1af}</UniqueIdentifier>
    </Filter>
    <Filter Include="ソース ファイル\ConnectDot\LivingEntity\Player">
      <UniqueIdentifier>{b2bce6d0-96ec-4226-9e60-11ffd8bb33a9}</UniqueIdentifier>
    </Filter>
    <Filter Include="ソース ファイル\ConnectDot\LivingEntity\Enemy">
      <UniqueIdentifier>{96dcdabd-265e-4378-8079-6828e84f347a}</UniqueIdentifier>
    </Filter>
    <Filter Include="BaseEngine\Component\RenderComponent\ShapeRenderComponent">
      <UniqueIdentifier>{80bef507-02d6-47eb-8729-9074225e7e40}</UniqueIdentifier>
    </Filter>
    <Filter Include="BaseEngine\Utilities">
      <UniqueIdentifier>{6b18e16a-bce8-4de1-a9e2-7d4abd8dc060}</UniqueIdentifier>
    </Filter>
    <Filter Include="ソース ファイル\ConnectDot\Electronics">
      <UniqueIdentifier>{6a6572d8-4205-42b0-be36-ba214123573a}</UniqueIdentifier>
    </Filter>
    <Filter Include="ソース ファイル\ConnectDot\Electronics\Machine">
      <UniqueIdentifier>{45e24e77-66c7-40f8-952d-ebf1dc6e9d3d}</UniqueIdentifier>
    </Filter>
    <Filter Include="Constexpr">
      <UniqueIdentifier>{585af6fb-1ce0-42a3-919c-9e6043f47dbb}</UniqueIdentifier>
    </Filter>
    <Filter Include="Constexpr\math">
      <UniqueIdentifier>{8ebd35c1-5c94-4baa-93c6-89af038d2595}</UniqueIdentifier>
    </Filter>
    <Filter Include="StateMachine">
      <UniqueIdentifier>{f45f9f4d-389b-43c3-af3d-a842d03c9cd8}</UniqueIdentifier>
    </Filter>
    <Filter Include="ソース ファイル\ConnectDot\LivingEntity\Player\State">
      <UniqueIdentifier>{1600c90c-92ee-48ac-8808-9765bda35a89}</UniqueIdentifier>
    </Filter>
    <Filter Include="ソース ファイル\ConnectDot\Electronics\Machine\Beacon">
      <UniqueIdentifier>{04cd7cdf-6534-40e3-bcd6-84589e26ad46}</UniqueIdentifier>
    </Filter>
    <Filter Include="ソース ファイル\ConnectDot\GameMain\Const">
      <UniqueIdentifier>{5b78471f-14d3-42be-a41b-c42154b78a9b}</UniqueIdentifier>
    </Filter>
    <Filter Include="ソース ファイル\ConnectDot\Electronics\Machine\Pylon">
      <UniqueIdentifier>{f2c942d2-6cc1-42cd-835e-73112a53cfd6}</UniqueIdentifier>
    </Filter>
    <Filter Include="ソース ファイル\ConnectDot\Stage">
      <UniqueIdentifier>{4df6c6ca-2722-48c1-85a9-003bf88cdb5c}</UniqueIdentifier>
    </Filter>
    <Filter Include="ソース ファイル\ConnectDot\Stage\TileMap">
      <UniqueIdentifier>{43005580-b1e4-41ee-99cc-1d6ea73dc002}</UniqueIdentifier>
    </Filter>
    <Filter Include="BaseEngine\physics">
      <UniqueIdentifier>{7d0e0f0a-d457-45f7-bcc8-4582254b85c7}</UniqueIdentifier>
    </Filter>
    <Filter Include="BaseEngine\physics\Collision">
      <UniqueIdentifier>{b67da92c-ef6a-497c-8c3b-6983daff5bb2}</UniqueIdentifier>
    </Filter>
    <Filter Include="BaseEngine\physics\Collision\CollisionDetector">
      <UniqueIdentifier>{363f3ff4-1676-47d3-b441-11cc939388d6}</UniqueIdentifier>
    </Filter>
    <Filter Include="BaseEngine\physics\Collision\CollisionDetector\GJK">
      <UniqueIdentifier>{526b9ec4-1a23-4790-985f-c94b37b1d300}</UniqueIdentifier>
    </Filter>
    <Filter Include="BaseEngine\physics\Collision\CollisionDetector\GJK\Solver">
      <UniqueIdentifier>{1385bb70-a388-4e6a-8b2c-5f9b4cfb0ba2}</UniqueIdentifier>
    </Filter>
    <Filter Include="BaseEngine\Component\PhysicsBody">
      <UniqueIdentifier>{0307aef3-4f8b-4422-ad9e-af740f804cd9}</UniqueIdentifier>
    </Filter>
    <Filter Include="ソース ファイル\ConnectDot\GameMain\Const\Electronics">
      <UniqueIdentifier>{dcbe3ce0-c08d-459a-b59c-4c7e9356c8c5}</UniqueIdentifier>
    </Filter>
    <Filter Include="ソース ファイル\ConnectDot\Grid">
      <UniqueIdentifier>{ff4f6932-075a-446e-a15a-c7a5842a2502}</UniqueIdentifier>
    </Filter>
    <Filter Include="Utilities">
      <UniqueIdentifier>{cfc6ffb4-f94c-4c04-8201-ab2f72f0636a}</UniqueIdentifier>
    </Filter>
    <Filter Include="Utilities\Extensions">
      <UniqueIdentifier>{a75beb9c-fca4-4f8c-9e92-8f46a554f7a8}</UniqueIdentifier>
    </Filter>
    <Filter Include="Utilities\Extensions\Tuple">
      <UniqueIdentifier>{426f4d68-fc18-43d9-8292-d3c664d10e2e}</UniqueIdentifier>
    </Filter>
    <Filter Include="Utilities\Observable">
      <UniqueIdentifier>{1b97721b-48a6-4337-8905-2c3434fe0594}</UniqueIdentifier>
    </Filter>
    <Filter Include="BaseEngine\Component\AnimationComponent">
      <UniqueIdentifier>{20603d15-2afa-496a-8962-a3bec0048cd8}</UniqueIdentifier>
    </Filter>
    <Filter Include="BaseEngine\Component\AnimationComponent\SpriteAnimationComponent">
      <UniqueIdentifier>{4d492883-255a-456b-9868-be7b788c855c}</UniqueIdentifier>
    </Filter>
    <Filter Include="ソース ファイル\ConnectDot\Electronics\Effect">
      <UniqueIdentifier>{473c09f2-183f-4c77-881b-a80eb21dbaa4}</UniqueIdentifier>
    </Filter>
    <Filter Include="Utilities\Extensions\Map">
      <UniqueIdentifier>{6cac71f4-648e-48e3-81fd-d89675c258ed}</UniqueIdentifier>
    </Filter>
    <Filter Include="ソース ファイル\ConnectDot\Electronics\Machine\Signboard">
      <UniqueIdentifier>{11e5f209-2709-4ac3-ae45-bb21baedb12f}</UniqueIdentifier>
    </Filter>
    <Filter Include="ソース ファイル\ConnectDot\Electronics\Machine\PowerSupplyUnit">
      <UniqueIdentifier>{95db4ea9-e339-48df-bfb7-44f246449e3d}</UniqueIdentifier>
    </Filter>
    <Filter Include="BaseEngine\Component\CameraComponent">
      <UniqueIdentifier>{fd201564-2900-4d4c-9a23-975864afa56a}</UniqueIdentifier>
    </Filter>
    <Filter Include="ソース ファイル\ConnectDot\AssetSystem">
      <UniqueIdentifier>{1ca490de-7538-43fb-aacc-21cfbc1e96bc}</UniqueIdentifier>
    </Filter>
    <Filter Include="ソース ファイル\ConnectDot\AssetSystem\Stage">
      <UniqueIdentifier>{8f9f2adb-4eb0-4e24-aeef-1e328fec7122}</UniqueIdentifier>
    </Filter>
    <Filter Include="Utilities\ServiceLocator">
      <UniqueIdentifier>{f7539243-6c2d-4216-b606-0692bbc690e6}</UniqueIdentifier>
    </Filter>
    <Filter Include="BaseEngine\Object">
      <UniqueIdentifier>{09b45f67-41f2-4ddd-b5cc-2f1fe9c775a2}</UniqueIdentifier>
    </Filter>
    <Filter Include="BaseEngine\Object\ObjectDataBase">
      <UniqueIdentifier>{c5e53cc9-1e7c-485e-bcb5-f97e1fe0eebb}</UniqueIdentifier>
    </Filter>
    <Filter Include="ソース ファイル\ConnectDot\GameMain\Register">
      <UniqueIdentifier>{44d8e9e4-c616-4932-84b7-46ac83a6123e}</UniqueIdentifier>
    </Filter>
    <Filter Include="Utilities\Frozen">
      <UniqueIdentifier>{77aedf5c-afff-4e3a-abcd-0b47932c791d}</UniqueIdentifier>
    </Filter>
    <Filter Include="Utilities\Frozen\Archive">
      <UniqueIdentifier>{d29249f3-3ec5-4390-94e4-14e9e149e0a2}</UniqueIdentifier>
    </Filter>
    <Filter Include="Utilities\Frozen\Detail">
      <UniqueIdentifier>{1b5499a3-4b8a-4bd6-b4be-bb8b234f19ef}</UniqueIdentifier>
    </Filter>
    <Filter Include="Utilities\Frozen\Types">
      <UniqueIdentifier>{ca8474b7-9632-4d6f-b793-674ad95980e3}</UniqueIdentifier>
    </Filter>
    <Filter Include="BaseEngine\physics\Collision\BroadPhase">
      <UniqueIdentifier>{8798f107-2b73-4e47-8b57-7b4d6a8a36ac}</UniqueIdentifier>
    </Filter>
    <Filter Include="BaseEngine\physics\Body">
      <UniqueIdentifier>{e6750cb4-737f-402d-a6ee-792aaaf765c7}</UniqueIdentifier>
    </Filter>
    <Filter Include="BaseEngine\physics\ComponentData">
      <UniqueIdentifier>{87a53e55-de24-4f18-be76-8da8eed9fd09}</UniqueIdentifier>
    </Filter>
    <Filter Include="BaseEngine\physics\Math">
      <UniqueIdentifier>{6a14975b-ace5-4840-9cf8-081aaecc9542}</UniqueIdentifier>
    </Filter>
    <Filter Include="BaseEngine\physics\Shape">
      <UniqueIdentifier>{0884103a-c71e-4e2d-8661-ff4bada72d84}</UniqueIdentifier>
    </Filter>
    <Filter Include="Utilities\Extensions\Enum">
      <UniqueIdentifier>{56898e89-24fb-4c5e-a46d-d7628437d555}</UniqueIdentifier>
    </Filter>
    <Filter Include="BaseEngine\physics\Allocator">
      <UniqueIdentifier>{2f5c4728-ec1f-46cf-854c-239d71b83a22}</UniqueIdentifier>
    </Filter>
    <Filter Include="BaseEngine\physics\DynamicTree">
      <UniqueIdentifier>{eda2aae1-b545-4d9c-bb38-b9bf1bde0913}</UniqueIdentifier>
    </Filter>
    <Filter Include="BaseEngine\physics\World">
      <UniqueIdentifier>{2fcfc3c8-f0fc-4dd0-9b08-9e2a128c0904}</UniqueIdentifier>
    </Filter>
    <Filter Include="BaseEngine\physics\Contact">
      <UniqueIdentifier>{87593572-edab-43fa-b699-a25304ba6cad}</UniqueIdentifier>
    </Filter>
    <Filter Include="BaseEngine\physics\CallBack">
      <UniqueIdentifier>{6f53d5bc-738b-4949-83de-99190189b489}</UniqueIdentifier>
    </Filter>
    <Filter Include="BaseEngine\Render\CameraBaseRenderer">
      <UniqueIdentifier>{d597426a-4531-49c8-b8fc-9fd5d0ca0e4b}</UniqueIdentifier>
    </Filter>
    <Filter Include="BaseEngine\Render\CanvasRenderer">
      <UniqueIdentifier>{ca742881-e499-469a-9158-4c9b3681f4cd}</UniqueIdentifier>
    </Filter>
    <Filter Include="BaseEngine\Component\RenderComponent\Canvas">
      <UniqueIdentifier>{05da9ff2-099b-4821-b052-7e91b8d129bb}</UniqueIdentifier>
    </Filter>
    <Filter Include="ソース ファイル\ConnectDot\Stage\TileMap\detail">
      <UniqueIdentifier>{3f8ca3ba-f3cd-4533-b067-600fc5a9e8ed}</UniqueIdentifier>
    </Filter>
    <Filter Include="Utilities\Extensions\Variant">
      <UniqueIdentifier>{7b5ca211-93ff-47be-bac6-2ef41f8ed522}</UniqueIdentifier>
    </Filter>
    <Filter Include="ソース ファイル\ConnectDot\UI">
      <UniqueIdentifier>{2bfab8b5-9dda-44f2-9512-7eca53e32a88}</UniqueIdentifier>
    </Filter>
    <Filter Include="ソース ファイル\ConnectDot\Stage\Loader">
      <UniqueIdentifier>{8669cd5d-c6bb-4069-bfd1-1f7b1343f524}</UniqueIdentifier>
    </Filter>
    <Filter Include="BaseEngine\Math\Point">
      <UniqueIdentifier>{e41956d6-9c5b-4a7f-8427-a640fa99979c}</UniqueIdentifier>
    </Filter>
    <Filter Include="ソース ファイル\ConnectDot\Electronics\Machine\DummyStub">
      <UniqueIdentifier>{04097c74-7a5c-447e-8a1b-d3a067111502}</UniqueIdentifier>
    </Filter>
    <Filter Include="ソース ファイル\ConnectDot\Electronics\Machine\DummyStub\Door">
      <UniqueIdentifier>{2ac209c2-ff3c-444b-a845-3be13a449cf4}</UniqueIdentifier>
    </Filter>
    <Filter Include="ソース ファイル\ConnectDot\Electronics\Machine\DummyStub\Lever">
      <UniqueIdentifier>{db82b676-5440-4012-8628-bd5cb815f7e2}</UniqueIdentifier>
    </Filter>
    <Filter Include="ソース ファイル\ConnectDot\Electronics\Machine\DummyStub\Movefloor">
      <UniqueIdentifier>{518b6a67-e8ca-4df1-924b-03053ac54998}</UniqueIdentifier>
    </Filter>
    <Filter Include="BaseEngine\Utilities\FrozenExtension">
      <UniqueIdentifier>{6058f9b3-aceb-419d-b5d0-658b06bf326e}</UniqueIdentifier>
    </Filter>
    <Filter Include="BaseEngine\Utilities\FrozenExtension\Types">
      <UniqueIdentifier>{51085b3b-a77c-44d1-bec0-ff845ed94745}</UniqueIdentifier>
    </Filter>
    <Filter Include="ソース ファイル\ConnectDot\Electronics\Machine\Interface">
      <UniqueIdentifier>{71af2c8e-7dc3-4b4a-a826-4c083a1504f6}</UniqueIdentifier>
    </Filter>
    <Filter Include="ソース ファイル\ConnectDot\Electronics\Machine\Vent">
      <UniqueIdentifier>{6fe2ba8e-8c65-4855-87f1-6457b445e71b}</UniqueIdentifier>
    </Filter>
    <Filter Include="ソース ファイル\ConnectDot\LivingEntity\Enemy\EnemyState">
      <UniqueIdentifier>{b27b065c-988c-4b52-ad4e-c1da5bd4b51e}</UniqueIdentifier>
    </Filter>
    <Filter Include="リソース ファイル">
      <UniqueIdentifier>{67DA6AB6-F800-4c08-8B7A-83BB121AAD01}</UniqueIdentifier>
      <Extensions>rc;ico;cur;bmp;dlg;rc2;rct;bin;rgs;gif;jpg;jpeg;jpe;resx;tiff;tif;png;wav;mfcribbon-ms</Extensions>
    </Filter>
    <Filter Include="BaseEngine\physics\Collision\BroadPhase">
      <UniqueIdentifier>{8798f107-2b73-4e47-8b57-7b4d6a8a36ac}</UniqueIdentifier>
    </Filter>
    <Filter Include="BaseEngine\physics\Body">
      <UniqueIdentifier>{e6750cb4-737f-402d-a6ee-792aaaf765c7}</UniqueIdentifier>
    </Filter>
    <Filter Include="BaseEngine\physics\ComponentData">
      <UniqueIdentifier>{87a53e55-de24-4f18-be76-8da8eed9fd09}</UniqueIdentifier>
    </Filter>
    <Filter Include="BaseEngine\physics\Math">
      <UniqueIdentifier>{6a14975b-ace5-4840-9cf8-081aaecc9542}</UniqueIdentifier>
    </Filter>
    <Filter Include="BaseEngine\physics\Shape">
      <UniqueIdentifier>{0884103a-c71e-4e2d-8661-ff4bada72d84}</UniqueIdentifier>
    </Filter>
    <Filter Include="Utilities\Extensions\Enum">
      <UniqueIdentifier>{56898e89-24fb-4c5e-a46d-d7628437d555}</UniqueIdentifier>
    </Filter>
    <Filter Include="BaseEngine\physics\Allocator">
      <UniqueIdentifier>{2f5c4728-ec1f-46cf-854c-239d71b83a22}</UniqueIdentifier>
    </Filter>
    <Filter Include="BaseEngine\physics\DynamicTree">
      <UniqueIdentifier>{eda2aae1-b545-4d9c-bb38-b9bf1bde0913}</UniqueIdentifier>
    </Filter>
    <Filter Include="BaseEngine\physics\World">
      <UniqueIdentifier>{2fcfc3c8-f0fc-4dd0-9b08-9e2a128c0904}</UniqueIdentifier>
    </Filter>
    <Filter Include="BaseEngine\physics\Contact">
      <UniqueIdentifier>{87593572-edab-43fa-b699-a25304ba6cad}</UniqueIdentifier>
    </Filter>
    <Filter Include="BaseEngine\physics\CallBack">
      <UniqueIdentifier>{6f53d5bc-738b-4949-83de-99190189b489}</UniqueIdentifier>
    </Filter>
    <Filter Include="BaseEngine\Render\CameraBaseRenderer">
      <UniqueIdentifier>{d597426a-4531-49c8-b8fc-9fd5d0ca0e4b}</UniqueIdentifier>
    </Filter>
    <Filter Include="BaseEngine\Render\CanvasRenderer">
      <UniqueIdentifier>{ca742881-e499-469a-9158-4c9b3681f4cd}</UniqueIdentifier>
    </Filter>
    <Filter Include="BaseEngine\Component\RenderComponent\Canvas">
      <UniqueIdentifier>{05da9ff2-099b-4821-b052-7e91b8d129bb}</UniqueIdentifier>
    </Filter>
    <Filter Include="ソース ファイル\ConnectDot\Stage\TileMap\detail">
      <UniqueIdentifier>{3f8ca3ba-f3cd-4533-b067-600fc5a9e8ed}</UniqueIdentifier>
    </Filter>
    <Filter Include="Utilities\Extensions\Variant">
      <UniqueIdentifier>{7b5ca211-93ff-47be-bac6-2ef41f8ed522}</UniqueIdentifier>
    </Filter>
    <Filter Include="ソース ファイル\ConnectDot\UI">
      <UniqueIdentifier>{2bfab8b5-9dda-44f2-9512-7eca53e32a88}</UniqueIdentifier>
    </Filter>
    <Filter Include="ソース ファイル\ConnectDot\Stage\Loader">
      <UniqueIdentifier>{8669cd5d-c6bb-4069-bfd1-1f7b1343f524}</UniqueIdentifier>
    </Filter>
    <Filter Include="BaseEngine\Math\Point">
      <UniqueIdentifier>{e41956d6-9c5b-4a7f-8427-a640fa99979c}</UniqueIdentifier>
    </Filter>
    <Filter Include="ソース ファイル\ConnectDot\Electronics\Machine\DummyStub">
      <UniqueIdentifier>{04097c74-7a5c-447e-8a1b-d3a067111502}</UniqueIdentifier>
    </Filter>
    <Filter Include="ソース ファイル\ConnectDot\Electronics\Machine\DummyStub\Door">
      <UniqueIdentifier>{2ac209c2-ff3c-444b-a845-3be13a449cf4}</UniqueIdentifier>
    </Filter>
    <Filter Include="ソース ファイル\ConnectDot\Electronics\Machine\DummyStub\Lever">
      <UniqueIdentifier>{db82b676-5440-4012-8628-bd5cb815f7e2}</UniqueIdentifier>
    </Filter>
    <Filter Include="ソース ファイル\ConnectDot\Electronics\Machine\DummyStub\Movefloor">
      <UniqueIdentifier>{518b6a67-e8ca-4df1-924b-03053ac54998}</UniqueIdentifier>
    </Filter>
    <Filter Include="BaseEngine\Utilities\FrozenExtension">
      <UniqueIdentifier>{6058f9b3-aceb-419d-b5d0-658b06bf326e}</UniqueIdentifier>
    </Filter>
    <Filter Include="BaseEngine\Utilities\FrozenExtension\Types">
      <UniqueIdentifier>{51085b3b-a77c-44d1-bec0-ff845ed94745}</UniqueIdentifier>
    </Filter>
    <Filter Include="ソース ファイル\ConnectDot\Electronics\Machine\Interface">
      <UniqueIdentifier>{71af2c8e-7dc3-4b4a-a826-4c083a1504f6}</UniqueIdentifier>
    </Filter>
    <Filter Include="ソース ファイル\ConnectDot\Electronics\Machine\Vent">
      <UniqueIdentifier>{6fe2ba8e-8c65-4855-87f1-6457b445e71b}</UniqueIdentifier>
    </Filter>

  </ItemGroup>
  <ItemGroup>
    <ClCompile Include="WinMain.cpp">
      <Filter>ソース ファイル</Filter>
    </ClCompile>
    <ClCompile Include="GameApp.cpp">
      <Filter>ソース ファイル</Filter>
    </ClCompile>
    <ClCompile Include="Actor.cpp">
      <Filter>BaseEngine\Actor</Filter>
    </ClCompile>
    <ClCompile Include="Component.cpp">
      <Filter>BaseEngine\Component</Filter>
    </ClCompile>
    <ClCompile Include="Vector.cpp">
      <Filter>BaseEngine\Math\Vector</Filter>
    </ClCompile>
    <ClCompile Include="Game.cpp">
      <Filter>ソース ファイル\ConnectDot\GameMain</Filter>
    </ClCompile>
    <ClCompile Include="SpriteComponent.cpp">
      <Filter>BaseEngine\Component\RenderComponent\SpriteComponent</Filter>
    </ClCompile>
    <ClCompile Include="IBaseEngineEmpty.cpp">
      <Filter>BaseEngine\Empty</Filter>
    </ClCompile>
    <ClCompile Include="BaseEngineCore.cpp">
      <Filter>BaseEngine\Common</Filter>
    </ClCompile>
    <ClCompile Include="IBaseEngineTexture.cpp">
      <Filter>BaseEngine\Texture</Filter>
    </ClCompile>
    <ClCompile Include="TextureMof.cpp">
      <Filter>BaseEngine\Texture\Mof</Filter>
    </ClCompile>
    <ClCompile Include="Sprite.cpp">
      <Filter>BaseEngine\Texture</Filter>
    </ClCompile>
    <ClCompile Include="RenderComponent.cpp">
      <Filter>BaseEngine\Component\RenderComponent</Filter>
    </ClCompile>
    <ClCompile Include="CollisionComponent.cpp">
      <Filter>BaseEngine\Component\CollisionComponent</Filter>
    </ClCompile>
    <ClCompile Include="Geometry2D.cpp">
      <Filter>BaseEngine\Shapes</Filter>
    </ClCompile>
    <ClCompile Include="Geometry2D.ipp">
      <Filter>BaseEngine\Shapes</Filter>
    </ClCompile>
    <ClCompile Include="InputActor.cpp">
      <Filter>BaseEngine\Actor\Input</Filter>
    </ClCompile>
    <ClCompile Include="InputComponent.cpp">
      <Filter>BaseEngine\Component\Input</Filter>
    </ClCompile>
    <ClCompile Include="InputManager.cpp">
      <Filter>ソース ファイル\ConnectDot\GameMain\InputManager</Filter>
    </ClCompile>
    <ClCompile Include="PlayerActor.cpp">
      <Filter>ソース ファイル\ConnectDot\LivingEntity\Player</Filter>
    </ClCompile>
    <ClCompile Include="ShapeRenderComponent.cpp">
      <Filter>BaseEngine\Component\RenderComponent\ShapeRenderComponent</Filter>
    </ClCompile>
    <ClCompile Include="IShape.cpp">
      <Filter>BaseEngine\Shapes</Filter>
    </ClCompile>
    <ClCompile Include="Rect.cpp">
      <Filter>BaseEngine\Shapes\Primitive</Filter>
    </ClCompile>
    <ClCompile Include="Circle.cpp">
      <Filter>BaseEngine\Shapes\Primitive</Filter>
    </ClCompile>
    <ClCompile Include="IBaseEngineCollider.cpp">
      <Filter>BaseEngine\physics\Collision</Filter>
    </ClCompile>
    <ClCompile Include="BaseEngineCollision.cpp">
      <Filter>BaseEngine\physics\Collision</Filter>
    </ClCompile>
    <ClCompile Include="Point.cpp">
      <Filter>BaseEngine\Shapes\Primitive</Filter>
    </ClCompile>
    <ClCompile Include="PlayerComponent.cpp">
      <Filter>ソース ファイル\ConnectDot\LivingEntity\Player</Filter>
    </ClCompile>
    <ClCompile Include="PlayerIdle.cpp">
      <Filter>ソース ファイル\ConnectDot\LivingEntity\Player\State</Filter>
    </ClCompile>
    <ClCompile Include="PlayerJump.cpp">
      <Filter>ソース ファイル\ConnectDot\LivingEntity\Player\State</Filter>
    </ClCompile>
    <ClCompile Include="PlayerSneak.cpp">
      <Filter>ソース ファイル\ConnectDot\LivingEntity\Player\State</Filter>
    </ClCompile>
    <ClCompile Include="PlayerMove.cpp">
      <Filter>ソース ファイル\ConnectDot\LivingEntity\Player\State</Filter>
    </ClCompile>
    <ClCompile Include="TransmitterComponent.cpp">
      <Filter>ソース ファイル\ConnectDot\Electronics</Filter>
    </ClCompile>
    <ClCompile Include="ReceiverComponent.cpp">
      <Filter>ソース ファイル\ConnectDot\Electronics</Filter>
    </ClCompile>
    <ClCompile Include="BeaconActor.cpp">
      <Filter>ソース ファイル\ConnectDot\Electronics\Machine\Beacon</Filter>
    </ClCompile>
    <ClCompile Include="BeaconTransmitter.cpp">
      <Filter>ソース ファイル\ConnectDot\Electronics\Machine\Beacon</Filter>
    </ClCompile>
    <ClCompile Include="PylonActor.cpp">
      <Filter>ソース ファイル\ConnectDot\Electronics\Machine\Pylon</Filter>
    </ClCompile>
    <ClCompile Include="PylonTransmitter.cpp">
      <Filter>ソース ファイル\ConnectDot\Electronics\Machine\Pylon</Filter>
    </ClCompile>
    <ClCompile Include="BeaconReceiver.cpp">
      <Filter>ソース ファイル\ConnectDot\Electronics\Machine\Beacon</Filter>
    </ClCompile>
    <ClCompile Include="DebugStage.cpp">
      <Filter>ソース ファイル\ConnectDot\Stage</Filter>
    </ClCompile>
    <ClCompile Include="TileMapComponent.cpp">
      <Filter>ソース ファイル\ConnectDot\Stage\TileMap</Filter>
    </ClCompile>
    <ClCompile Include="VectorUtilities.cpp">
      <Filter>BaseEngine\Math\Vector</Filter>
    </ClCompile>
    <ClCompile Include="GJK.cpp">
      <Filter>BaseEngine\physics\Collision\CollisionDetector\GJK</Filter>
    </ClCompile>
    <ClCompile Include="EpaSolver.cpp">
      <Filter>BaseEngine\physics\Collision\CollisionDetector\GJK\Solver</Filter>
    </ClCompile>
    <ClCompile Include="Manifold.cpp">
      <Filter>BaseEngine\physics\Collision\CollisionDetector\GJK</Filter>
    </ClCompile>
    <ClCompile Include="PhysicsBodyComponent.cpp">
      <Filter>BaseEngine\Component\PhysicsBody</Filter>
    </ClCompile>
    <ClCompile Include="GridSnapComponent.cpp">
      <Filter>ソース ファイル\ConnectDot\Grid</Filter>
    </ClCompile>
    <ClCompile Include="GridPosition.cpp">
      <Filter>ソース ファイル\ConnectDot\Grid</Filter>
    </ClCompile>
    <ClCompile Include="MofSpriteAnimationComponent.cpp">
      <Filter>BaseEngine\Component\AnimationComponent\SpriteAnimationComponent</Filter>
    </ClCompile>
    <ClCompile Include="ElectricEffect.cpp">
      <Filter>ソース ファイル\ConnectDot\Electronics\Effect</Filter>
    </ClCompile>
    <ClCompile Include="SignboardActor.cpp">
      <Filter>ソース ファイル\ConnectDot\Electronics\Machine\Signboard</Filter>
    </ClCompile>
    <ClCompile Include="SignboardReceiver.cpp">
      <Filter>ソース ファイル\ConnectDot\Electronics\Machine\Signboard</Filter>
    </ClCompile>
    <ClCompile Include="PowerSupplyUnitActor.cpp">
      <Filter>ソース ファイル\ConnectDot\Electronics\Machine\PowerSupplyUnit</Filter>
    </ClCompile>
    <ClCompile Include="PowerSupplyUnitTransmitter.cpp">
      <Filter>ソース ファイル\ConnectDot\Electronics\Machine\PowerSupplyUnit</Filter>
    </ClCompile>
    <ClCompile Include="PowerSupplyUnitReceiver.cpp">
      <Filter>ソース ファイル\ConnectDot\Electronics\Machine\PowerSupplyUnit</Filter>
    </ClCompile>
    <ClCompile Include="CameraComponent.cpp">
      <Filter>BaseEngine\Component\CameraComponent</Filter>
    </ClCompile>
    <ClCompile Include="Resource.cpp">
      <Filter>ソース ファイル\ConnectDot\AssetSystem</Filter>
    </ClCompile>
    <ClCompile Include="ResourcePack.cpp">
      <Filter>ソース ファイル\ConnectDot\AssetSystem</Filter>
    </ClCompile>
    <ClCompile Include="ResourceManager.cpp">
      <Filter>ソース ファイル\ConnectDot\AssetSystem</Filter>
    </ClCompile>
    <ClCompile Include="Object.cpp">
      <Filter>BaseEngine\Object</Filter>
    </ClCompile>
    <ClCompile Include="ObjectDataBase.cpp">
      <Filter>BaseEngine\Object\ObjectDataBase</Filter>
    </ClCompile>
    <ClCompile Include="WeakRefObject.cpp">
      <Filter>BaseEngine\Object</Filter>
    </ClCompile>
    <ClCompile Include="GameData.cpp">
      <Filter>ソース ファイル\ConnectDot\GameMain\Register</Filter>
    </ClCompile>
    <ClCompile Include="EnemyActor.cpp">
      <Filter>ソース ファイル\ConnectDot\LivingEntity\Enemy</Filter>
    </ClCompile>
    <ClCompile Include="StageActor.cpp">
      <Filter>ソース ファイル\ConnectDot\Stage</Filter>
    </ClCompile>
    <ClCompile Include="PhysicsBlockAllocator.cpp">
      <Filter>BaseEngine\physics\Allocator</Filter>
    </ClCompile>
    <ClCompile Include="PhysicsDynamicTree.cpp">
      <Filter>BaseEngine\physics\DynamicTree</Filter>
    </ClCompile>
    <ClCompile Include="PhysicsFixture.cpp">
      <Filter>BaseEngine\physics\Body</Filter>
    </ClCompile>
    <ClCompile Include="PhysicsCircleShape.cpp">
      <Filter>BaseEngine\physics\Shape</Filter>
    </ClCompile>
    <ClCompile Include="PhysicsWorld.cpp">
      <Filter>BaseEngine\physics\World</Filter>
    </ClCompile>
    <ClCompile Include="PhysicsContactManager.cpp">
      <Filter>BaseEngine\physics\World</Filter>
    </ClCompile>
    <ClCompile Include="PhysicsContact.cpp">
      <Filter>BaseEngine\physics\Contact</Filter>
    </ClCompile>
    <ClCompile Include="PhysicsContactFilter.cpp">
      <Filter>BaseEngine\physics\CallBack</Filter>
    </ClCompile>
    <ClCompile Include="PhysicsContactListener.cpp">
      <Filter>BaseEngine\physics\CallBack</Filter>
    </ClCompile>
    <ClCompile Include="PhysicsBody2D.cpp">
      <Filter>BaseEngine\physics\Body</Filter>
    </ClCompile>
    <ClCompile Include="PhysicsPolygonShape.cpp">
      <Filter>BaseEngine\physics\Shape</Filter>
    </ClCompile>
    <ClCompile Include="TileMapShape.cpp">
      <Filter>ソース ファイル\ConnectDot\Stage\TileMap</Filter>
    </ClCompile>
    <ClCompile Include="TileMapCollisionComponent.cpp">
      <Filter>ソース ファイル\ConnectDot\Stage\TileMap</Filter>
    </ClCompile>
    <ClCompile Include="PhysicsPolygonContact.cpp">
      <Filter>BaseEngine\physics\Contact</Filter>
    </ClCompile>
    <ClCompile Include="PhysicsCircleContact.cpp">
      <Filter>BaseEngine\physics\Contact</Filter>
    </ClCompile>
    <ClCompile Include="IBaseEngineRender.cpp">
      <Filter>BaseEngine\Render\CameraBaseRenderer</Filter>
    </ClCompile>
    <ClCompile Include="RenderMof.cpp">
      <Filter>BaseEngine\Render\CameraBaseRenderer</Filter>
    </ClCompile>
    <ClCompile Include="IBaseEngineCanvasRender.cpp">
      <Filter>BaseEngine\Render\CanvasRenderer</Filter>
    </ClCompile>
    <ClCompile Include="CanvasRender.cpp">
      <Filter>BaseEngine\Render\CanvasRenderer</Filter>
    </ClCompile>
    <ClCompile Include="ImageComponent.cpp">
      <Filter>BaseEngine\Component\RenderComponent\Canvas</Filter>
    </ClCompile>
    <ClCompile Include="TileMap.cpp">
      <Filter>ソース ファイル\ConnectDot\Stage\TileMap\detail</Filter>
    </ClCompile>
    <ClCompile Include="Button.cpp">
      <Filter>ソース ファイル\ConnectDot\UI</Filter>
    </ClCompile>
    <ClCompile Include="ButtonSelecter.cpp">
      <Filter>ソース ファイル\ConnectDot\UI</Filter>
    </ClCompile>
    <ClCompile Include="ObjectLoader.cpp">
      <Filter>ソース ファイル\ConnectDot\Stage\Loader</Filter>
    </ClCompile>
    <ClCompile Include="RenderableStubActor.cpp">
      <Filter>ソース ファイル\ConnectDot\Electronics\Machine\DummyStub</Filter>
    </ClCompile>
    <ClCompile Include="DIActorContainer.cpp">
      <Filter>ソース ファイル\ConnectDot\Stage\Loader</Filter>
    </ClCompile>
    <ClCompile Include="GimmickInjection.cpp">
      <Filter>ソース ファイル\ConnectDot\Stage\Loader</Filter>
    </ClCompile>
    <ClCompile Include="DoorStubActor.cpp">
      <Filter>ソース ファイル\ConnectDot\Electronics\Machine\DummyStub\Door</Filter>
    </ClCompile>
    <ClCompile Include="LeverStubActor.cpp">
      <Filter>ソース ファイル\ConnectDot\Electronics\Machine\DummyStub\Lever</Filter>
    </ClCompile>
    <ClCompile Include="LeverStubReceiver.cpp">
      <Filter>ソース ファイル\ConnectDot\Electronics\Machine\DummyStub\Lever</Filter>
    </ClCompile>
    <ClCompile Include="MoveFloorStubActor.cpp">
      <Filter>ソース ファイル\ConnectDot\Electronics\Machine\DummyStub\Movefloor</Filter>
    </ClCompile>
    <ClCompile Include="PlayerSneakMove.cpp">
      <Filter>ソース ファイル\ConnectDot\LivingEntity\Player\State</Filter>
    </ClCompile>
    <ClCompile Include="PlayerFall.cpp">
      <Filter>ソース ファイル\ConnectDot\LivingEntity\Player\State</Filter>
    </ClCompile>
    <ClCompile Include="VentComponent.cpp">
      <Filter>ソース ファイル\ConnectDot\Electronics\Machine\Vent</Filter>
    </ClCompile>
    <ClCompile Include="VentReceiver.cpp">
      <Filter>ソース ファイル\ConnectDot\Electronics\Machine\Vent</Filter>
    </ClCompile>
    <ClCompile Include="PlayerVentAction.cpp">
      <Filter>ソース ファイル\ConnectDot\LivingEntity\Player\State</Filter>
    </ClCompile>
    <ClCompile Include="EnemyMove.cpp">
      <Filter>ソース ファイル\ConnectDot\LivingEntity\Enemy\EnemyState</Filter>
    </ClCompile>
    <ClCompile Include="EnemyComponent.cpp">
      <Filter>ソース ファイル\ConnectDot\LivingEntity\Enemy</Filter>
    </ClCompile>
    <ClCompile Include="EnemyFind.cpp">
      <Filter>ソース ファイル\ConnectDot\LivingEntity\Enemy\EnemyState</Filter>
    </ClCompile>
    <ClCompile Include="EnemyChase.cpp">
      <Filter>ソース ファイル\ConnectDot\LivingEntity\Enemy\EnemyState</Filter>
    </ClCompile>
    <ClCompile Include="EnemyTurn.cpp">
      <Filter>ソース ファイル\ConnectDot\LivingEntity\Enemy\EnemyState</Filter>
    </ClCompile>
    <ClCompile Include="VisionCreateComponent.cpp">
      <Filter>ソース ファイル\ConnectDot\LivingEntity\Enemy</Filter>
    </ClCompile>
    <ClCompile Include="DummyActor.cpp">
      <Filter>ソース ファイル\ConnectDot\LivingEntity\Enemy</Filter>
    </ClCompile>
    <ClCompile Include="EnemyVisionComponent.cpp">
      <Filter>ソース ファイル\ConnectDot\LivingEntity\Enemy</Filter>
    </ClCompile>
    <ClCompile Include="EnemyIdle.cpp">
      <Filter>ソース ファイル\ConnectDot\LivingEntity\Enemy\EnemyState</Filter>
    </ClCompile>
    <ClCompile Include="EnemyBack.cpp">
      <Filter>ソース ファイル\ConnectDot\LivingEntity\Enemy\EnemyState</Filter>
    </ClCompile>
    <ClCompile Include="SecondEnemyComponent.cpp">
      <Filter>ソース ファイル\ConnectDot\LivingEntity\Enemy</Filter>
    </ClCompile>
    <ClCompile Include="EnemyChase2.cpp">
      <Filter>ソース ファイル\ConnectDot\LivingEntity\Enemy\EnemyState</Filter>
    </ClCompile>
    <ClCompile Include="BaseBodyCreateComponent.cpp">
      <Filter>ソース ファイル\ConnectDot\LivingEntity\Enemy</Filter>
    </ClCompile>
    <ClCompile Include="BaseBodyComponent.cpp">
      <Filter>ソース ファイル\ConnectDot\LivingEntity\Enemy</Filter>
    </ClCompile>
  </ItemGroup>
  <ItemGroup>
    <ClInclude Include="GameApp.h">
      <Filter>ソース ファイル</Filter>
    </ClInclude>
    <ClInclude Include="Actor.h">
      <Filter>BaseEngine\Actor</Filter>
    </ClInclude>
    <ClInclude Include="Component.h">
      <Filter>BaseEngine\Component</Filter>
    </ClInclude>
    <ClInclude Include="Vector.h">
      <Filter>BaseEngine\Math\Vector</Filter>
    </ClInclude>
    <ClInclude Include="Game.h">
      <Filter>ソース ファイル\ConnectDot\GameMain</Filter>
    </ClInclude>
    <ClInclude Include="SpriteComponent.h">
      <Filter>BaseEngine\Component\RenderComponent\SpriteComponent</Filter>
    </ClInclude>
    <ClInclude Include="Adapter.h">
      <Filter>BaseEngine\Adapter</Filter>
    </ClInclude>
    <ClInclude Include="BaseEngineCore.h">
      <Filter>BaseEngine\Common</Filter>
    </ClInclude>
    <ClInclude Include="EngineComponent.h">
      <Filter>BaseEngine\Common</Filter>
    </ClInclude>
    <ClInclude Include="IBaseEngineEmpty.h">
      <Filter>BaseEngine\Empty</Filter>
    </ClInclude>
    <ClInclude Include="BaseEngineEmpty.h">
      <Filter>BaseEngine\Empty</Filter>
    </ClInclude>
    <ClInclude Include="IBaseEngineTexture.h">
      <Filter>BaseEngine\Texture</Filter>
    </ClInclude>
    <ClInclude Include="TextureMof.h">
      <Filter>BaseEngine\Texture\Mof</Filter>
    </ClInclude>
    <ClInclude Include="Sprite.h">
      <Filter>BaseEngine\Texture</Filter>
    </ClInclude>
    <ClInclude Include="RenderComponent.h">
      <Filter>BaseEngine\Component\RenderComponent</Filter>
    </ClInclude>
    <ClInclude Include="CollisionComponent.h">
      <Filter>BaseEngine\Component\CollisionComponent</Filter>
    </ClInclude>
    <ClInclude Include="Geometry2D.h">
      <Filter>BaseEngine\Shapes</Filter>
    </ClInclude>
    <ClInclude Include="2DShapes.h">
      <Filter>BaseEngine\Shapes</Filter>
    </ClInclude>
    <ClInclude Include="InputActor.h">
      <Filter>BaseEngine\Actor\Input</Filter>
    </ClInclude>
    <ClInclude Include="InputComponent.h">
      <Filter>BaseEngine\Component\Input</Filter>
    </ClInclude>
    <ClInclude Include="InputManager.h">
      <Filter>ソース ファイル\ConnectDot\GameMain\InputManager</Filter>
    </ClInclude>
    <ClInclude Include="PlayerActor.h">
      <Filter>ソース ファイル\ConnectDot\LivingEntity\Player</Filter>
    </ClInclude>
    <ClInclude Include="ShapeRenderComponent.h">
      <Filter>BaseEngine\Component\RenderComponent\ShapeRenderComponent</Filter>
    </ClInclude>
    <ClInclude Include="IShape.h">
      <Filter>BaseEngine\Shapes</Filter>
    </ClInclude>
    <ClInclude Include="Rect.h">
      <Filter>BaseEngine\Shapes\Primitive</Filter>
    </ClInclude>
    <ClInclude Include="YesNo.h">
      <Filter>BaseEngine\Utilities</Filter>
    </ClInclude>
    <ClInclude Include="IReceivablePower.h">
      <Filter>ソース ファイル\ConnectDot\Electronics</Filter>
    </ClInclude>
    <ClInclude Include="ISendablePower.h">
      <Filter>ソース ファイル\ConnectDot\Electronics</Filter>
    </ClInclude>
    <ClInclude Include="Circle.h">
      <Filter>BaseEngine\Shapes\Primitive</Filter>
    </ClInclude>
    <ClInclude Include="IBaseEngineCollider.h">
      <Filter>BaseEngine\physics\Collision</Filter>
    </ClInclude>
    <ClInclude Include="BaseEngineCollision.h">
      <Filter>BaseEngine\physics\Collision</Filter>
    </ClInclude>
    <ClInclude Include="Point.h">
      <Filter>BaseEngine\Shapes\Primitive</Filter>
    </ClInclude>
    <ClInclude Include="PlayerComponent.h">
      <Filter>ソース ファイル\ConnectDot\LivingEntity\Player</Filter>
    </ClInclude>
    <ClInclude Include="Pow.h">
      <Filter>Constexpr\math</Filter>
    </ClInclude>
    <ClInclude Include="StateMachine.h">
      <Filter>StateMachine</Filter>
    </ClInclude>
    <ClInclude Include="PlayerIdle.h">
      <Filter>ソース ファイル\ConnectDot\LivingEntity\Player\State</Filter>
    </ClInclude>
    <ClInclude Include="PlayerJump.h">
      <Filter>ソース ファイル\ConnectDot\LivingEntity\Player\State</Filter>
    </ClInclude>
    <ClInclude Include="PlayerSneak.h">
      <Filter>ソース ファイル\ConnectDot\LivingEntity\Player\State</Filter>
    </ClInclude>
    <ClInclude Include="PlayerMove.h">
      <Filter>ソース ファイル\ConnectDot\LivingEntity\Player\State</Filter>
    </ClInclude>
    <ClInclude Include="PlayerState.h">
      <Filter>ソース ファイル\ConnectDot\LivingEntity\Player\State</Filter>
    </ClInclude>
    <ClInclude Include="Player.h">
      <Filter>ソース ファイル\ConnectDot\LivingEntity\Player</Filter>
    </ClInclude>
    <ClInclude Include="TransmitterComponent.h">
      <Filter>ソース ファイル\ConnectDot\Electronics</Filter>
    </ClInclude>
    <ClInclude Include="ReceiverComponent.h">
      <Filter>ソース ファイル\ConnectDot\Electronics</Filter>
    </ClInclude>
    <ClInclude Include="BeaconActor.h">
      <Filter>ソース ファイル\ConnectDot\Electronics\Machine\Beacon</Filter>
    </ClInclude>
    <ClInclude Include="BeaconTransmitter.h">
      <Filter>ソース ファイル\ConnectDot\Electronics\Machine\Beacon</Filter>
    </ClInclude>
    <ClInclude Include="CollisionLayer.h">
      <Filter>ソース ファイル\ConnectDot\GameMain\Const</Filter>
    </ClInclude>
    <ClInclude Include="PylonActor.h">
      <Filter>ソース ファイル\ConnectDot\Electronics\Machine\Pylon</Filter>
    </ClInclude>
    <ClInclude Include="PylonTransmitter.h">
      <Filter>ソース ファイル\ConnectDot\Electronics\Machine\Pylon</Filter>
    </ClInclude>
    <ClInclude Include="GameWindow.h">
      <Filter>ソース ファイル\ConnectDot\GameMain\Const</Filter>
    </ClInclude>
    <ClInclude Include="BeaconReceiver.h">
      <Filter>ソース ファイル\ConnectDot\Electronics\Machine\Beacon</Filter>
    </ClInclude>
    <ClInclude Include="DebugStage.h">
      <Filter>ソース ファイル\ConnectDot\Stage</Filter>
    </ClInclude>
    <ClInclude Include="TileMapComponent.h">
      <Filter>ソース ファイル\ConnectDot\Stage\TileMap</Filter>
    </ClInclude>
    <ClInclude Include="TileMap.h">
      <Filter>ソース ファイル\ConnectDot\Stage\TileMap</Filter>
    </ClInclude>
    <ClInclude Include="VectorUtilities.h">
      <Filter>BaseEngine\Math\Vector</Filter>
    </ClInclude>
    <ClInclude Include="GJK.h">
      <Filter>BaseEngine\physics\Collision\CollisionDetector\GJK</Filter>
    </ClInclude>
    <ClInclude Include="EpaSolver.h">
      <Filter>BaseEngine\physics\Collision\CollisionDetector\GJK\Solver</Filter>
    </ClInclude>
    <ClInclude Include="Manifold.h">
      <Filter>BaseEngine\physics\Collision\CollisionDetector\GJK</Filter>
    </ClInclude>
    <ClInclude Include="MinkowskiSum.h">
      <Filter>BaseEngine\physics\Collision\CollisionDetector\GJK</Filter>
    </ClInclude>
    <ClInclude Include="ExpandingSimplexEdge.h">
      <Filter>BaseEngine\physics\Collision\CollisionDetector\GJK\Solver</Filter>
    </ClInclude>
    <ClInclude Include="ExpandingSimplex.h">
      <Filter>BaseEngine\physics\Collision\CollisionDetector\GJK\Solver</Filter>
    </ClInclude>
    <ClInclude Include="PhysicsBodyComponent.h">
      <Filter>BaseEngine\Component\PhysicsBody</Filter>
    </ClInclude>
    <ClInclude Include="ComponentParameter.h">
      <Filter>BaseEngine\Component</Filter>
    </ClInclude>
    <ClInclude Include="SendManifold.h">
      <Filter>BaseEngine\physics\Collision</Filter>
    </ClInclude>
    <ClInclude Include="StageConstitution.h">
      <Filter>ソース ファイル\ConnectDot\GameMain\Const</Filter>
    </ClInclude>
    <ClInclude Include="ElectronicsPower.h">
      <Filter>ソース ファイル\ConnectDot\GameMain\Const\Electronics</Filter>
    </ClInclude>
    <ClInclude Include="DrawOrder.h">
      <Filter>ソース ファイル\ConnectDot\GameMain\Const</Filter>
    </ClInclude>
    <ClInclude Include="GridSnapComponent.h">
      <Filter>ソース ファイル\ConnectDot\Grid</Filter>
    </ClInclude>
    <ClInclude Include="ConnectDotUpdateOrder.h">
      <Filter>ソース ファイル\ConnectDot\GameMain\Const</Filter>
    </ClInclude>
    <ClInclude Include="GridPosition.h">
      <Filter>ソース ファイル\ConnectDot\Grid</Filter>
    </ClInclude>
    <ClInclude Include="TupleHasElement.h">
      <Filter>Utilities\Extensions\Tuple</Filter>
    </ClInclude>
    <ClInclude Include="include\utilities\observable\ReactiveProperty.h">
      <Filter>Utilities\Observable</Filter>
    </ClInclude>
    <ClInclude Include="include\utilities\observable\Subject.h">
      <Filter>Utilities\Observable</Filter>
    </ClInclude>
    <ClInclude Include="include\utilities\observable\Unit.h">
      <Filter>Utilities\Observable</Filter>
    </ClInclude>
    <ClInclude Include="include\utilities\observable\IObservable.h">
      <Filter>Utilities\Observable</Filter>
    </ClInclude>
    <ClInclude Include="include\utilities\observable\IObserver.h">
      <Filter>Utilities\Observable</Filter>
    </ClInclude>
    <ClInclude Include="MofSpriteAnimationComponent.h">
      <Filter>BaseEngine\Component\AnimationComponent\SpriteAnimationComponent</Filter>
    </ClInclude>
    <ClInclude Include="ISpriteAnimationComponent.h">
      <Filter>BaseEngine\Component\AnimationComponent\SpriteAnimationComponent</Filter>
    </ClInclude>
    <ClInclude Include="ElectricEffect.h">
      <Filter>ソース ファイル\ConnectDot\Electronics\Effect</Filter>
    </ClInclude>
    <ClInclude Include="ParameterMap.h">
      <Filter>Utilities\Extensions\Map</Filter>
    </ClInclude>
    <ClInclude Include="SignboardActor.h">
      <Filter>ソース ファイル\ConnectDot\Electronics\Machine\Signboard</Filter>
    </ClInclude>
    <ClInclude Include="MachineConst.h">
      <Filter>ソース ファイル\ConnectDot\GameMain\Const\Electronics</Filter>
    </ClInclude>
    <ClInclude Include="TexturePaths.h">
      <Filter>ソース ファイル\ConnectDot\GameMain\Const</Filter>
    </ClInclude>
    <ClInclude Include="SignboardReceiver.h">
      <Filter>ソース ファイル\ConnectDot\Electronics\Machine\Signboard</Filter>
    </ClInclude>
    <ClInclude Include="PowerSupplyUnitActor.h">
      <Filter>ソース ファイル\ConnectDot\Electronics\Machine\PowerSupplyUnit</Filter>
    </ClInclude>
    <ClInclude Include="PowerSupplyUnitTransmitter.h">
      <Filter>ソース ファイル\ConnectDot\Electronics\Machine\PowerSupplyUnit</Filter>
    </ClInclude>
    <ClInclude Include="PowerSupplyUnitReceiver.h">
      <Filter>ソース ファイル\ConnectDot\Electronics\Machine\PowerSupplyUnit</Filter>
    </ClInclude>
    <ClInclude Include="CameraComponent.h">
      <Filter>BaseEngine\Component\CameraComponent</Filter>
    </ClInclude>
    <ClInclude Include="Resource.h">
      <Filter>ソース ファイル\ConnectDot\AssetSystem</Filter>
    </ClInclude>
    <ClInclude Include="ResourcePack.h">
      <Filter>ソース ファイル\ConnectDot\AssetSystem</Filter>
    </ClInclude>
    <ClInclude Include="ResourceManager.h">
      <Filter>ソース ファイル\ConnectDot\AssetSystem</Filter>
    </ClInclude>
    <ClInclude Include="ServiceLocator.h">
      <Filter>Utilities\ServiceLocator</Filter>
    </ClInclude>
    <ClInclude Include="Object.h">
      <Filter>BaseEngine\Object</Filter>
    </ClInclude>
    <ClInclude Include="ObjectID.h">
      <Filter>BaseEngine\Object</Filter>
    </ClInclude>
    <ClInclude Include="ObjectDataBase.h">
      <Filter>BaseEngine\Object\ObjectDataBase</Filter>
    </ClInclude>
    <ClInclude Include="WeakRefObject.h">
      <Filter>BaseEngine\Object</Filter>
    </ClInclude>
    <ClInclude Include="GameData.h">
      <Filter>ソース ファイル\ConnectDot\GameMain\Register</Filter>
    </ClInclude>
    <ClInclude Include="EnemyActor.h">
      <Filter>ソース ファイル\ConnectDot\LivingEntity\Enemy</Filter>
    </ClInclude>
    <ClInclude Include="EnemyPackage.h">
      <Filter>ソース ファイル\ConnectDot\LivingEntity\Enemy</Filter>
    </ClInclude>
    <ClInclude Include="StageActor.h">
      <Filter>ソース ファイル\ConnectDot\Stage</Filter>
    </ClInclude>
    <ClInclude Include="Frozen.h">
      <Filter>Utilities\Frozen</Filter>
    </ClInclude>
    <ClInclude Include="BinaryArchive.h">
      <Filter>Utilities\Frozen\Archive</Filter>
    </ClInclude>
    <ClInclude Include="FrozenConcept.h">
      <Filter>Utilities\Frozen\Detail</Filter>
    </ClInclude>
    <ClInclude Include="FrozenHelper.h">
      <Filter>Utilities\Frozen\Detail</Filter>
    </ClInclude>
    <ClInclude Include="FrozenMacro.h">
      <Filter>Utilities\Frozen</Filter>
    </ClInclude>
    <ClInclude Include="EnemyState.h">
      <Filter>ソース ファイル\ConnectDot\LivingEntity\Enemy\EnemyState</Filter>
    </ClInclude>
    <ClInclude Include="EnemyMove.h">
      <Filter>ソース ファイル\ConnectDot\LivingEntity\Enemy\EnemyState</Filter>
    </ClInclude>
    <ClInclude Include="EnemyComponent.h">
      <Filter>ソース ファイル\ConnectDot\LivingEntity\Enemy</Filter>
    </ClInclude>
    <ClInclude Include="EnemyFind.h">
      <Filter>ソース ファイル\ConnectDot\LivingEntity\Enemy\EnemyState</Filter>
    </ClInclude>
    <ClInclude Include="EnemyChase.h">
      <Filter>ソース ファイル\ConnectDot\LivingEntity\Enemy\EnemyState</Filter>
    </ClInclude>
    <ClInclude Include="EnemyTurn.h">
      <Filter>ソース ファイル\ConnectDot\LivingEntity\Enemy\EnemyState</Filter>
    </ClInclude>
    <ClInclude Include="Enemy.h">
      <Filter>ソース ファイル\ConnectDot\LivingEntity\Enemy</Filter>
    </ClInclude>
    <ClInclude Include="VisionCreateComponent.h">
      <Filter>ソース ファイル\ConnectDot\LivingEntity\Enemy</Filter>
    </ClInclude>
    <ClInclude Include="DummyActor.h">
      <Filter>ソース ファイル\ConnectDot\LivingEntity\Enemy</Filter>
    </ClInclude>
    <ClInclude Include="EnemyVisionComponent.h">
      <Filter>ソース ファイル\ConnectDot\LivingEntity\Enemy</Filter>
    </ClInclude>
    <ClInclude Include="EnemyIdle.h">
      <Filter>ソース ファイル\ConnectDot\LivingEntity\Enemy\EnemyState</Filter>
    </ClInclude>
    <ClInclude Include="EnemyBack.h">
      <Filter>ソース ファイル\ConnectDot\LivingEntity\Enemy\EnemyState</Filter>
    </ClInclude>
    <ClInclude Include="SecondEnemyComponent.h">
      <Filter>ソース ファイル\ConnectDot\LivingEntity\Enemy</Filter>
    </ClInclude>
    <ClInclude Include="EnemyChase2.h">
      <Filter>ソース ファイル\ConnectDot\LivingEntity\Enemy\EnemyState</Filter>
    </ClInclude>
    <ClInclude Include="BaseBodyCreateComponent.h">
      <Filter>ソース ファイル\ConnectDot\LivingEntity\Enemy</Filter>
    </ClInclude>
    <ClInclude Include="BaseBodyComponent.h">
      <Filter>ソース ファイル\ConnectDot\LivingEntity\Enemy</Filter>
    </ClInclude>
    <ClInclude Include="BroadPhase.h">
      <Filter>BaseEngine\physics\Collision\BroadPhase</Filter>
    </ClInclude>
    <ClInclude Include="PhysicsBody2D.h">
      <Filter>BaseEngine\physics\Body</Filter>
    </ClInclude>
    <ClInclude Include="PhysicsComponentData.h">
      <Filter>BaseEngine\physics\ComponentData</Filter>
    </ClInclude>
    <ClInclude Include="PhysicsVector2.h">
      <Filter>BaseEngine\physics\Math</Filter>
    </ClInclude>
    <ClInclude Include="PhysicsFixture.h">
      <Filter>BaseEngine\physics\Body</Filter>
    </ClInclude>
    <ClInclude Include="PhysicsMathUtility.h">
      <Filter>BaseEngine\physics\Math</Filter>
    </ClInclude>
    <ClInclude Include="PhysicsCollision.h">
      <Filter>BaseEngine\physics\Collision</Filter>
    </ClInclude>
    <ClInclude Include="PhysicsShapes.h">
      <Filter>BaseEngine\physics\Shape</Filter>
    </ClInclude>
    <ClInclude Include="EnumExtension.h">
      <Filter>Utilities\Extensions\Enum</Filter>
    </ClInclude>
    <ClInclude Include="PhysicsBlockAllocator.h">
      <Filter>BaseEngine\physics\Allocator</Filter>
    </ClInclude>
    <ClInclude Include="PhysicsTransform.h">
      <Filter>BaseEngine\physics\Math</Filter>
    </ClInclude>
    <ClInclude Include="PhysicsRotate.h">
      <Filter>BaseEngine\physics\Math</Filter>
    </ClInclude>
    <ClInclude Include="PhysicsDynamicTree.h">
      <Filter>BaseEngine\physics\DynamicTree</Filter>
    </ClInclude>
    <ClInclude Include="PhysicsCommon.h">
      <Filter>BaseEngine\physics</Filter>
    </ClInclude>
    <ClInclude Include="PhysicsCircleShape.h">
      <Filter>BaseEngine\physics\Shape</Filter>
    </ClInclude>
    <ClInclude Include="PhysicsWorld.h">
      <Filter>BaseEngine\physics\World</Filter>
    </ClInclude>
    <ClInclude Include="PhysicsContactManager.h">
      <Filter>BaseEngine\physics\World</Filter>
    </ClInclude>
    <ClInclude Include="PhysicsContact.h">
      <Filter>BaseEngine\physics\Contact</Filter>
    </ClInclude>
    <ClInclude Include="PhysicsContactFilter.h">
      <Filter>BaseEngine\physics\CallBack</Filter>
    </ClInclude>
    <ClInclude Include="PhysicsContactListener.h">
      <Filter>BaseEngine\physics\CallBack</Filter>
    </ClInclude>
    <ClInclude Include="PhysicsManifold.h">
      <Filter>BaseEngine\physics\Contact</Filter>
    </ClInclude>
    <ClInclude Include="PhysicsSweep.h">
      <Filter>BaseEngine\physics\Math</Filter>
    </ClInclude>
    <ClInclude Include="PhysicsPolygonShape.h">
      <Filter>BaseEngine\physics\Shape</Filter>
    </ClInclude>
    <ClInclude Include="TileMapShape.h">
      <Filter>ソース ファイル\ConnectDot\Stage\TileMap</Filter>
    </ClInclude>
    <ClInclude Include="TileMapCollisionComponent.h">
      <Filter>ソース ファイル\ConnectDot\Stage\TileMap</Filter>
    </ClInclude>
    <ClInclude Include="PhysicsPolygonContact.h">
      <Filter>BaseEngine\physics\Contact</Filter>
    </ClInclude>
    <ClInclude Include="PhysicsCircleContact.h">
      <Filter>BaseEngine\physics\Contact</Filter>
    </ClInclude>
    <ClInclude Include="IBaseEngineRender.h">
      <Filter>BaseEngine\Render\CameraBaseRenderer</Filter>
    </ClInclude>
    <ClInclude Include="RenderMof.h">
      <Filter>BaseEngine\Render\CameraBaseRenderer</Filter>
    </ClInclude>
    <ClInclude Include="IBaseEngineCanvasRender.h">
      <Filter>BaseEngine\Render\CanvasRenderer</Filter>
    </ClInclude>
    <ClInclude Include="CanvasRender.h">
      <Filter>BaseEngine\Render\CanvasRenderer</Filter>
    </ClInclude>
    <ClInclude Include="ImageComponent.h">
      <Filter>BaseEngine\Component\RenderComponent\Canvas</Filter>
    </ClInclude>
    <ClInclude Include="PhysicsWorldCallBack.h">
      <Filter>BaseEngine\physics\CallBack</Filter>
    </ClInclude>
    <ClInclude Include="VectorFrozen.h">
      <Filter>Utilities\Frozen\Types</Filter>
    </ClInclude>
    <ClInclude Include="StringFrozen.h">
      <Filter>Utilities\Frozen\Types</Filter>
    </ClInclude>
    <ClInclude Include="VariantUtilities.h">
      <Filter>Utilities\Extensions\Variant</Filter>
    </ClInclude>
    <ClInclude Include="Button.h">
      <Filter>ソース ファイル\ConnectDot\UI</Filter>
    </ClInclude>
    <ClInclude Include="ButtonSelecter.h">
      <Filter>ソース ファイル\ConnectDot\UI</Filter>
    </ClInclude>
    <ClInclude Include="ObjectLoader.h">
      <Filter>ソース ファイル\ConnectDot\Stage\Loader</Filter>
    </ClInclude>
    <ClInclude Include="Point2d.h">
      <Filter>BaseEngine\Math\Point</Filter>
    </ClInclude>
    <ClInclude Include="VariantFrozen.h">
      <Filter>Utilities\Frozen\Types</Filter>
    </ClInclude>
    <ClInclude Include="LoadObjectParameter.h">
      <Filter>ソース ファイル\ConnectDot\Stage\Loader</Filter>
    </ClInclude>
    <ClInclude Include="DIActorContainer.h">
      <Filter>ソース ファイル\ConnectDot\Stage\Loader</Filter>
    </ClInclude>
    <ClInclude Include="GimmickInjection.h">
      <Filter>ソース ファイル\ConnectDot\Stage\Loader</Filter>
    </ClInclude>
    <ClInclude Include="RenderableStubActor.h">
      <Filter>ソース ファイル\ConnectDot\Electronics\Machine\DummyStub</Filter>
    </ClInclude>
    <ClInclude Include="DoorStubActor.h">
      <Filter>ソース ファイル\ConnectDot\Electronics\Machine\DummyStub\Door</Filter>
    </ClInclude>
    <ClInclude Include="LeverStubActor.h">
      <Filter>ソース ファイル\ConnectDot\Electronics\Machine\DummyStub\Lever</Filter>
    </ClInclude>
    <ClInclude Include="LeverStubReceiver.h">
      <Filter>ソース ファイル\ConnectDot\Electronics\Machine\DummyStub\Lever</Filter>
    </ClInclude>
    <ClInclude Include="MoveFloorStubActor.h">
      <Filter>ソース ファイル\ConnectDot\Electronics\Machine\DummyStub\Movefloor</Filter>
    </ClInclude>
    <ClInclude Include="Point2dFrozen.h">
      <Filter>BaseEngine\Utilities\FrozenExtension\Types</Filter>
    </ClInclude>
    <ClInclude Include="SpriteAnimationClipFrozen.h">
      <Filter>BaseEngine\Utilities\FrozenExtension\Types</Filter>
    </ClInclude>
    <ClInclude Include="EnumFlags.h">
      <Filter>Utilities\Extensions\Enum</Filter>
    </ClInclude>
    <ClInclude Include="PlayerSneakMove.h">
      <Filter>ソース ファイル\ConnectDot\LivingEntity\Player\State</Filter>
    </ClInclude>
    <ClInclude Include="PlayerFall.h">
      <Filter>ソース ファイル\ConnectDot\LivingEntity\Player\State</Filter>
    </ClInclude>
    <ClInclude Include="PlayerStateConst.h">
      <Filter>ソース ファイル\ConnectDot\LivingEntity\Player\State</Filter>
    </ClInclude>
    <ClInclude Include="IMachineActionable.h">
      <Filter>ソース ファイル\ConnectDot\Electronics\Machine\Interface</Filter>
    </ClInclude>
    <ClInclude Include="VentComponent.h">
      <Filter>ソース ファイル\ConnectDot\Electronics\Machine\Vent</Filter>
    </ClInclude>
    <ClInclude Include="VentReceiver.h">
      <Filter>ソース ファイル\ConnectDot\Electronics\Machine\Vent</Filter>
    </ClInclude>
    <ClInclude Include="PlayerVentAction.h">
      <Filter>ソース ファイル\ConnectDot\LivingEntity\Player\State</Filter>
    </ClInclude>
  </ItemGroup>
  <ItemGroup>
    <Text Include="LICENSE">
      <Filter>BaseEngine\Utilities</Filter>
    </Text>
  </ItemGroup>
  <ItemGroup>
    <None Include="cpp.hint" />
  </ItemGroup>
</Project>